
Microsoft Visual Studio Solution File, Format Version 12.00
# Visual Studio Version 17
VisualStudioVersion = 17.3.32804.467
MinimumVisualStudioVersion = 10.0.40219.1
Project("{9A19103F-16F7-4668-BE54-9A1E7A4F7556}") = "Transacao.Financeira.Api", "Transacao.Financeira.Api\Transacao.Financeira.Api.csproj", "{03084EB6-BDB1-4D6C-802C-4B6FE5290922}"
EndProject
Project("{9A19103F-16F7-4668-BE54-9A1E7A4F7556}") = "Transacao.Financeira.Web", "Transacao.Financeira.Web\Transacao.Financeira.Web.csproj", "{D4CD11D2-8BA9-4308-A295-130015AA673E}"
EndProject
Global
	GlobalSection(SolutionConfigurationPlatforms) = preSolution
		Debug|Any CPU = Debug|Any CPU
		Release|Any CPU = Release|Any CPU
	EndGlobalSection
	GlobalSection(ProjectConfigurationPlatforms) = postSolution
		{03084EB6-BDB1-4D6C-802C-4B6FE5290922}.Debug|Any CPU.ActiveCfg = Debug|Any CPU
		{03084EB6-BDB1-4D6C-802C-4B6FE5290922}.Debug|Any CPU.Build.0 = Debug|Any CPU
		{03084EB6-BDB1-4D6C-802C-4B6FE5290922}.Release|Any CPU.ActiveCfg = Release|Any CPU
		{03084EB6-BDB1-4D6C-802C-4B6FE5290922}.Release|Any CPU.Build.0 = Release|Any CPU
		{D4CD11D2-8BA9-4308-A295-130015AA673E}.Debug|Any CPU.ActiveCfg = Debug|Any CPU
		{D4CD11D2-8BA9-4308-A295-130015AA673E}.Debug|Any CPU.Build.0 = Debug|Any CPU
		{D4CD11D2-8BA9-4308-A295-130015AA673E}.Release|Any CPU.ActiveCfg = Release|Any CPU
		{D4CD11D2-8BA9-4308-A295-130015AA673E}.Release|Any CPU.Build.0 = Release|Any CPU
	EndGlobalSection
	GlobalSection(SolutionProperties) = preSolution
		HideSolutionNode = FALSE
	EndGlobalSection
	GlobalSection(ExtensibilityGlobals) = postSolution
		SolutionGuid = {75559FEA-9B63-4E5D-8E40-7B80662A2293}
	EndGlobalSection
EndGlobal
